Microsoft Visual Studio Solution File, Format Version 11.00
# Visual Studio 2008

Project("{5A6C99DB-C149-4045-3584-C5C983EEF1D2}") = "Match3LastTry", "Assembly-CSharp.csproj", "{7E8C7AC7-5021-A087-EA1D-42C0D0F14605}"
EndProject
Global
	GlobalSection(SolutionConfigurationPlatforms) = preSolution
		Debug|Any CPU = Debug|Any CPU
		Release|Any CPU = Release|Any CPU
	EndGlobalSection
	GlobalSection(ProjectConfigurationPlatforms) = postSolution
		{7E8C7AC7-5021-A087-EA1D-42C0D0F14605}.Debug|Any CPU.ActiveCfg = Debug|Any CPU
		{7E8C7AC7-5021-A087-EA1D-42C0D0F14605}.Debug|Any CPU.Build.0 = Debug|Any CPU
		{7E8C7AC7-5021-A087-EA1D-42C0D0F14605}.Release|Any CPU.ActiveCfg = Release|Any CPU
		{7E8C7AC7-5021-A087-EA1D-42C0D0F14605}.Release|Any CPU.Build.0 = Release|Any CPU
	EndGlobalSection
	GlobalSection(SolutionProperties) = preSolution
		HideSolutionNode = FALSE
	EndGlobalSection
	GlobalSection(MonoDevelopProperties) = preSolution
		StartupItem = Assembly-CSharp.csproj
	EndGlobalSection
EndGlobal
